
Microsoft Visual Studio Solution File, Format Version 12.00
# Visual Studio Version 17
VisualStudioVersion = 17.4.33213.308
MinimumVisualStudioVersion = 10.0.40219.1
Project("{9A19103F-16F7-4668-BE54-9A1E7A4F7556}") = "BookShop.Server", "BookShop\Server\BookShop.Server.csproj", "{15B80879-C3A3-4B8B-921C-AB12E39FEDB0}"
EndProject
Project("{9A19103F-16F7-4668-BE54-9A1E7A4F7556}") = "BookShop.Client", "BookShop\Client\BookShop.Client.csproj", "{AA138F9B-2B09-4333-9372-883102CDDC2F}"
EndProject
Project("{9A19103F-16F7-4668-BE54-9A1E7A4F7556}") = "BookShop.Shared", "BookShop\Shared\BookShop.Shared.csproj", "{7E0A8134-81C1-4141-917C-8AB996909351}"
EndProject
Global
	GlobalSection(SolutionConfigurationPlatforms) = preSolution
		Debug|Any CPU = Debug|Any CPU
		Release|Any CPU = Release|Any CPU
	EndGlobalSection
	GlobalSection(ProjectConfigurationPlatforms) = postSolution
		{15B80879-C3A3-4B8B-921C-AB12E39FEDB0}.Debug|Any CPU.ActiveCfg = Debug|Any CPU
		{15B80879-C3A3-4B8B-921C-AB12E39FEDB0}.Debug|Any CPU.Build.0 = Debug|Any CPU
		{15B80879-C3A3-4B8B-921C-AB12E39FEDB0}.Release|Any CPU.ActiveCfg = Release|Any CPU
		{15B80879-C3A3-4B8B-921C-AB12E39FEDB0}.Release|Any CPU.Build.0 = Release|Any CPU
		{AA138F9B-2B09-4333-9372-883102CDDC2F}.Debug|Any CPU.ActiveCfg = Debug|Any CPU
		{AA138F9B-2B09-4333-9372-883102CDDC2F}.Debug|Any CPU.Build.0 = Debug|Any CPU
		{AA138F9B-2B09-4333-9372-883102CDDC2F}.Release|Any CPU.ActiveCfg = Release|Any CPU
		{AA138F9B-2B09-4333-9372-883102CDDC2F}.Release|Any CPU.Build.0 = Release|Any CPU
		{7E0A8134-81C1-4141-917C-8AB996909351}.Debug|Any CPU.ActiveCfg = Debug|Any CPU
		{7E0A8134-81C1-4141-917C-8AB996909351}.Debug|Any CPU.Build.0 = Debug|Any CPU
		{7E0A8134-81C1-4141-917C-8AB996909351}.Release|Any CPU.ActiveCfg = Release|Any CPU
		{7E0A8134-81C1-4141-917C-8AB996909351}.Release|Any CPU.Build.0 = Release|Any CPU
	EndGlobalSection
	GlobalSection(SolutionProperties) = preSolution
		HideSolutionNode = FALSE
	EndGlobalSection
	GlobalSection(ExtensibilityGlobals) = postSolution
		SolutionGuid = {E5C9BAE3-B907-4671-994E-B644999A4C30}
	EndGlobalSection
EndGlobal
